
Microsoft Visual Studio Solution File, Format Version 12.00
# Visual Studio 15
VisualStudioVersion = 15.0.28307.329
MinimumVisualStudioVersion = 10.0.40219.1
Project("{FAE04EC0-301F-11D3-BF4B-00C04F79EFBC}") = "Listzap", "Listzap\Listzap.csproj", "{E557E166-8E88-43BF-91D6-0A6FB6A28B24}"
EndProject
Global
	GlobalSection(SolutionConfigurationPlatforms) = preSolution
		Debug|Any CPU = Debug|Any CPU
		Release|Any CPU = Release|Any CPU
	EndGlobalSection
	GlobalSection(ProjectConfigurationPlatforms) = postSolution
		{E557E166-8E88-43BF-91D6-0A6FB6A28B24}.Debug|Any CPU.ActiveCfg = Debug|Any CPU
		{E557E166-8E88-43BF-91D6-0A6FB6A28B24}.Debug|Any CPU.Build.0 = Debug|Any CPU
		{E557E166-8E88-43BF-91D6-0A6FB6A28B24}.Release|Any CPU.ActiveCfg = Release|Any CPU
		{E557E166-8E88-43BF-91D6-0A6FB6A28B24}.Release|Any CPU.Build.0 = Release|Any CPU
	EndGlobalSection
	GlobalSection(SolutionProperties) = preSolution
		HideSolutionNode = FALSE
	EndGlobalSection
	GlobalSection(ExtensibilityGlobals) = postSolution
		SolutionGuid = {938E4175-F37D-4FA7-9664-2868BA31F433}
	EndGlobalSection
EndGlobal
